
Microsoft Visual Studio Solution File, Format Version 12.00
# Visual Studio Version 16
VisualStudioVersion = 16.0.29905.134
MinimumVisualStudioVersion = 10.0.40219.1
Project("{FAE04EC0-301F-11D3-BF4B-00C04F79EFBC}") = "Spider", "Spider\Spider.csproj", "{1C7BF00D-7031-4DC2-9251-47085844DFA6}"
EndProject
Project("{FAE04EC0-301F-11D3-BF4B-00C04F79EFBC}") = "Test", "Test\Test.csproj", "{864E7744-AE7F-47C2-A6F0-7423CC430FFB}"
EndProject
Project("{FAE04EC0-301F-11D3-BF4B-00C04F79EFBC}") = "SpiderWinform", "SpiderWinform\SpiderWinform.csproj", "{DC8975D6-95E9-4C25-AFB6-41326F0B7903}"
EndProject
Global
	GlobalSection(SolutionConfigurationPlatforms) = preSolution
		Debug|Any CPU = Debug|Any CPU
		Release|Any CPU = Release|Any CPU
	EndGlobalSection
	GlobalSection(ProjectConfigurationPlatforms) = postSolution
		{1C7BF00D-7031-4DC2-9251-47085844DFA6}.Debug|Any CPU.ActiveCfg = Debug|Any CPU
		{1C7BF00D-7031-4DC2-9251-47085844DFA6}.Debug|Any CPU.Build.0 = Debug|Any CPU
		{1C7BF00D-7031-4DC2-9251-47085844DFA6}.Release|Any CPU.ActiveCfg = Release|Any CPU
		{1C7BF00D-7031-4DC2-9251-47085844DFA6}.Release|Any CPU.Build.0 = Release|Any CPU
		{864E7744-AE7F-47C2-A6F0-7423CC430FFB}.Debug|Any CPU.ActiveCfg = Debug|Any CPU
		{864E7744-AE7F-47C2-A6F0-7423CC430FFB}.Debug|Any CPU.Build.0 = Debug|Any CPU
		{864E7744-AE7F-47C2-A6F0-7423CC430FFB}.Release|Any CPU.ActiveCfg = Release|Any CPU
		{864E7744-AE7F-47C2-A6F0-7423CC430FFB}.Release|Any CPU.Build.0 = Release|Any CPU
		{DC8975D6-95E9-4C25-AFB6-41326F0B7903}.Debug|Any CPU.ActiveCfg = Debug|Any CPU
		{DC8975D6-95E9-4C25-AFB6-41326F0B7903}.Debug|Any CPU.Build.0 = Debug|Any CPU
		{DC8975D6-95E9-4C25-AFB6-41326F0B7903}.Release|Any CPU.ActiveCfg = Release|Any CPU
		{DC8975D6-95E9-4C25-AFB6-41326F0B7903}.Release|Any CPU.Build.0 = Release|Any CPU
	EndGlobalSection
	GlobalSection(SolutionProperties) = preSolution
		HideSolutionNode = FALSE
	EndGlobalSection
	GlobalSection(ExtensibilityGlobals) = postSolution
		SolutionGuid = {16FFBD7C-A607-4A33-AD20-7E5D2F6A7510}
	EndGlobalSection
EndGlobal
